
Microsoft Visual Studio Solution File, Format Version 12.00
# Visual Studio Version 17
VisualStudioVersion = 17.10.35013.160
MinimumVisualStudioVersion = 10.0.40219.1
Project("{FAE04EC0-301F-11D3-BF4B-00C04F79EFBC}") = "MvcDotnetGigs", "MvcDotnetGigs\MvcDotnetGigs.csproj", "{5DFE77DE-27A5-4048-B387-E318C011BC60}"
EndProject
Global
	GlobalSection(SolutionConfigurationPlatforms) = preSolution
		Debug|Any CPU = Debug|Any CPU
		Release|Any CPU = Release|Any CPU
	EndGlobalSection
	GlobalSection(ProjectConfigurationPlatforms) = postSolution
		{5DFE77DE-27A5-4048-B387-E318C011BC60}.Debug|Any CPU.ActiveCfg = Debug|Any CPU
		{5DFE77DE-27A5-4048-B387-E318C011BC60}.Debug|Any CPU.Build.0 = Debug|Any CPU
		{5DFE77DE-27A5-4048-B387-E318C011BC60}.Release|Any CPU.ActiveCfg = Release|Any CPU
		{5DFE77DE-27A5-4048-B387-E318C011BC60}.Release|Any CPU.Build.0 = Release|Any CPU
	EndGlobalSection
	GlobalSection(SolutionProperties) = preSolution
		HideSolutionNode = FALSE
	EndGlobalSection
	GlobalSection(ExtensibilityGlobals) = postSolution
		SolutionGuid = {CF60AD93-8FE6-4A2F-BEE1-96216186ED58}
	EndGlobalSection
EndGlobal
